{
  "name": "yupoong-wms-digital-twin",
  "lockfileVersion": 3,
  "requires": true,
  "packages": {
    "": {
      "name": "yupoong-wms-digital-twin",
      "dependencies": {
        "pdfjs-dist": "^6.2.108"
      }
    },
    "node_modules/@napi-rs/canvas": {
      "version": "1.0.5",
      "resolved": "https://registry.npmjs.org/@napi-rs/canvas/-/canvas-1.0.5.tgz",
      "integrity": "sha512-GaPlicMtnvgPr5SowFRprkEJicDSrV3qCq17U4jiF5u0kNORZo3IbdN2Bk4SfcZJAMYFHbMVJ81O3w21CYxazg==",
      "license": "MIT",
      "optional": true,
      "workspaces": [
        "e2e/*"
      ],
      "engines": {
        "node": ">= 10"
      },
      "funding": {
        "type": "github",
        "url": "https://github.com/sponsors/Brooooooklyn"
      },
      "optionalDependencies": {
        "@napi-rs/canvas-android-arm64": "1.0.5",
        "@napi-rs/canvas-darwin-arm64": "1.0.5",
        "@napi-rs/canvas-darwin-x64": "1.0.5",
        "@napi-rs/canvas-linux-arm-gnueabihf": "1.0.5",
        "@napi-rs/canvas-linux-arm64-gnu": "1.0.5",
        "@napi-rs/canvas-linux-arm64-musl": "1.0.5",
        "@napi-rs/canvas-linux-riscv64-gnu": "1.0.5",
        "@napi-rs/canvas-linux-x64-gnu": "1.0.5",
        "@napi-rs/canvas-linux-x64-musl": "1.0.5",
        "@napi-rs/canvas-win32-arm64-msvc": "1.0.5",
        "@napi-rs/canvas-win32-x64-msvc": "1.0.5"
      }
    },
    "node_modules/@napi-rs/canvas-android-arm64": {
      "version": "1.0.5",
      "resolved": "https://registry.npmjs.org/@napi-rs/canvas-android-arm64/-/canvas-android-arm64-1.0.5.tgz",
      "integrity": "sha512-ZzDlpKQocwFfCwhMh17UWre6Qt5yZN3kNIJoUpGfRZqwDDZ164IKOsPOHsRd3d8Tuj5KM6bDjGuPmZxuPuG3NQ==",
      "cpu": [
        "arm64"
      ],
      "license": "MIT",
      "optional": true,
      "os": [
        "android"
      ],
      "engines": {
        "node": ">= 10"
      },
      "funding": {
        "type": "github",
        "url": "https://github.com/sponsors/Brooooooklyn"
      }
    },
    "node_modules/@napi-rs/canvas-darwin-arm64": {
      "version": "1.0.5",
      "resolved": "https://registry.npmjs.org/@napi-rs/canvas-darwin-arm64/-/canvas-darwin-arm64-1.0.5.tgz",
      "integrity": "sha512-Hr8v6CA/TBe+OJOePdV3sXWxzQHQKfQsTKPbc8wG7iPqVeAx6MMdzKGXlYID6SVvpfwV/zqkvGcdImYWSlhrZg==",
      "cpu": [
        "arm64"
      ],
      "license": "MIT",
      "optional": true,
      "os": [
        "darwin"
      ],
      "engines": {
        "node": ">= 10"
      },
      "funding": {
        "type": "github",
        "url": "https://github.com/sponsors/Brooooooklyn"
      }
    },
    "node_modules/@napi-rs/canvas-darwin-x64": {
      "version": "1.0.5",
      "resolved": "https://registry.npmjs.org/@napi-rs/canvas-darwin-x64/-/canvas-darwin-x64-1.0.5.tgz",
      "integrity": "sha512-9BXlLHBXpYnK4jSae1MdFdyPq09Xi1I3PeCNpvRzqgmUUBhgJS7aC1z7SZEP8JUXDHtbfIrolCS3sFuT9IGP2A==",
      "cpu": [
        "x64"
      ],
      "license": "MIT",
      "optional": true,
      "os": [
        "darwin"
      ],
      "engines": {
        "node": ">= 10"
      },
      "funding": {
        "type": "github",
        "url": "https://github.com/sponsors/Brooooooklyn"
      }
    },
    "node_modules/@napi-rs/canvas-linux-arm-gnueabihf": {
      "version": "1.0.5",
      "resolved": "https://registry.npmjs.org/@napi-rs/canvas-linux-arm-gnueabihf/-/canvas-linux-arm-gnueabihf-1.0.5.tgz",
      "integrity": "sha512-zEW4fgvtYsOJ/N56Us4TQPfaFrUf0shGr9CgGSj3GACc+NHfUM3ci0YF9xFTjwJWGDmaEhYPL6KqCfFCxwm/qg==",
      "cpu": [
        "arm"
      ],
      "license": "MIT",
      "optional": true,
      "os": [
        "linux"
      ],
      "engines": {
        "node": ">= 10"
      },
      "funding": {
        "type": "github",
        "url": "https://github.com/sponsors/Brooooooklyn"
      }
    },
    "node_modules/@napi-rs/canvas-linux-arm64-gnu": {
      "version": "1.0.5",
      "resolved": "https://registry.npmjs.org/@napi-rs/canvas-linux-arm64-gnu/-/canvas-linux-arm64-gnu-1.0.5.tgz",
      "integrity": "sha512-HFprwLspelJxCEtZvdMcz95Mwvfs63GzFVedLFmC/wslHnaOXhjXxgYxPCM/VdM4Jhx3CV4Lk0vVmh6hJv2etQ==",
      "cpu": [
        "arm64"
      ],
      "libc": [
        "glibc"
      ],
      "license": "MIT",
      "optional": true,
      "os": [
        "linux"
      ],
      "engines": {
        "node": ">= 10"
      },
      "funding": {
        "type": "github",
        "url": "https://github.com/sponsors/Brooooooklyn"
      }
    },
    "node_modules/@napi-rs/canvas-linux-arm64-musl": {
      "version": "1.0.5",
      "resolved": "https://registry.npmjs.org/@napi-rs/canvas-linux-arm64-musl/-/canvas-linux-arm64-musl-1.0.5.tgz",
      "integrity": "sha512-FNMGFAx8DvtDwlLfWyBJ+oQjgPXoIAqCnNTJYqtJCFRwwzK3AyAe5B1Ll3NZ6hcOzqw7HylZsq4nQxVyPCQX1Q==",
      "cpu": [
        "arm64"
      ],
      "libc": [
        "musl"
      ],
      "license": "MIT",
      "optional": true,
      "os": [
        "linux"
      ],
      "engines": {
        "node": ">= 10"
      },
      "funding": {
        "type": "github",
        "url": "https://github.com/sponsors/Brooooooklyn"
      }
    },
    "node_modules/@napi-rs/canvas-linux-riscv64-gnu": {
      "version": "1.0.5",
      "resolved": "https://registry.npmjs.org/@napi-rs/canvas-linux-riscv64-gnu/-/canvas-linux-riscv64-gnu-1.0.5.tgz",
      "integrity": "sha512-2vd5v8Lui+37Hh/spITKIvTT384ip4dnUc5XBn0E+sMNS4b7au7IswyT5YDG2udPTjSh/eLUs3sGuB5YHooFOA==",
      "cpu": [
        "riscv64"
      ],
      "libc": [
        "glibc"
      ],
      "license": "MIT",
      "optional": true,
      "os": [
        "linux"
      ],
      "engines": {
        "node": ">= 10"
      },
      "funding": {
        "type": "github",
        "url": "https://github.com/sponsors/Brooooooklyn"
      }
    },
    "node_modules/@napi-rs/canvas-linux-x64-gnu": {
      "version": "1.0.5",
      "resolved": "https://registry.npmjs.org/@napi-rs/canvas-linux-x64-gnu/-/canvas-linux-x64-gnu-1.0.5.tgz",
      "integrity": "sha512-iQIPy+Uey0expZTOszLri5n8rY7x4WUpMaY82mcXNIgbil30iHvc01OsiizhZC1KQHTK90RFMFWSpwFU+ON3aA==",
      "cpu": [
        "x64"
      ],
      "libc": [
        "glibc"
      ],
      "license": "MIT",
      "optional": true,
      "os": [
        "linux"
      ],
      "engines": {
        "node": ">= 10"
      },
      "funding": {
        "type": "github",
        "url": "https://github.com/sponsors/Brooooooklyn"
      }
    },
    "node_modules/@napi-rs/canvas-linux-x64-musl": {
      "version": "1.0.5",
      "resolved": "https://registry.npmjs.org/@napi-rs/canvas-linux-x64-musl/-/canvas-linux-x64-musl-1.0.5.tgz",
      "integrity": "sha512-Npthji25t7FUqIAKsoEkFS0qY5CYVkHjvI3tuZjDTG92wX8g4dst+Lfb4hhubdqPazlDcIwalPzInsFCtf3FFg==",
      "cpu": [
        "x64"
      ],
      "libc": [
        "musl"
      ],
      "license": "MIT",
      "optional": true,
      "os": [
        "linux"
      ],
      "engines": {
        "node": ">= 10"
      },
      "funding": {
        "type": "github",
        "url": "https://github.com/sponsors/Brooooooklyn"
      }
    },
    "node_modules/@napi-rs/canvas-win32-arm64-msvc": {
      "version": "1.0.5",
      "resolved": "https://registry.npmjs.org/@napi-rs/canvas-win32-arm64-msvc/-/canvas-win32-arm64-msvc-1.0.5.tgz",
      "integrity": "sha512-bi+JsdCdbfVJDoAQybTYmkLKwh1xpYpptg5j/BNr2BB56u4/R26jrVvtjqff+CxYMXV6Kz1/jeDVhZCuj6bDng==",
      "cpu": [
        "arm64"
      ],
      "license": "MIT",
      "optional": true,
      "os": [
        "win32"
      ],
      "engines": {
        "node": ">= 10"
      },
      "funding": {
        "type": "github",
        "url": "https://github.com/sponsors/Brooooooklyn"
      }
    },
    "node_modules/@napi-rs/canvas-win32-x64-msvc": {
      "version": "1.0.5",
      "resolved": "https://registry.npmjs.org/@napi-rs/canvas-win32-x64-msvc/-/canvas-win32-x64-msvc-1.0.5.tgz",
      "integrity": "sha512-KQQwG9/sBmcGxqaLFIQf+k2OefREGoyEaIBmRuTM8bUuFKOEE9Xk5pel90hE6pmBwk/vo4RB0OdX+FxobJGMFw==",
      "cpu": [
        "x64"
      ],
      "license": "MIT",
      "optional": true,
      "os": [
        "win32"
      ],
      "engines": {
        "node": ">= 10"
      },
      "funding": {
        "type": "github",
        "url": "https://github.com/sponsors/Brooooooklyn"
      }
    },
    "node_modules/pdfjs-dist": {
      "version": "6.2.108",
      "resolved": "https://registry.npmjs.org/pdfjs-dist/-/pdfjs-dist-6.2.108.tgz",
      "integrity": "sha512-YxFb+SQcodN2rnX9Tn3dHYlqfb7NjlzzfONPpJd+AKoKtUjEdevTfbC07d5TcczzOK6261auRkP/M8OBHs9vFQ==",
      "license": "Apache-2.0",
      "engines": {
        "node": ">=22.13.0 || >=24"
      },
      "optionalDependencies": {
        "@napi-rs/canvas": "^1.0.0"
      }
    }
  }
}
